// !$*UTF8*$!
{
	archiveVersion = 1;
	classes = {
	};
	objectVersion = 55;
	objects = {

/* Begin PBXBuildFile section */
		884D374628F36696005E6E83 /* Tests_iOS.swift in Sources */ = {isa = PBXBuildFile; fileRef = 884D374528F36696005E6E83 /* Tests_iOS.swift */; };
		884D374828F36696005E6E83 /* Tests_iOSLaunchTests.swift in Sources */ = {isa = PBXBuildFile; fileRef = 884D374728F36696005E6E83 /* Tests_iOSLaunchTests.swift */; };
		884D375228F36696005E6E83 /* Tests_macOS.swift in Sources */ = {isa = PBXBuildFile; fileRef = 884D375128F36696005E6E83 /* Tests_macOS.swift */; };
		884D375428F36696005E6E83 /* Tests_macOSLaunchTests.swift in Sources */ = {isa = PBXBuildFile; fileRef = 884D375328F36696005E6E83 /* Tests_macOSLaunchTests.swift */; };
		884D375528F36696005E6E83 /* BoomJarApp.swift in Sources */ = {isa = PBXBuildFile; fileRef = 884D372D28F36694005E6E83 /* BoomJarApp.swift */; };
		884D375628F36696005E6E83 /* BoomJarApp.swift in Sources */ = {isa = PBXBuildFile; fileRef = 884D372D28F36694005E6E83 /* BoomJarApp.swift */; };
		884D375928F36696005E6E83 /* Assets.xcassets in Resources */ = {isa = PBXBuildFile; fileRef = 884D372F28F36696005E6E83 /* Assets.xcassets */; };
		884D375A28F36696005E6E83 /* Assets.xcassets in Resources */ = {isa = PBXBuildFile; fileRef = 884D372F28F36696005E6E83 /* Assets.xcassets */; };
		88570FD428FC7E950030A8A9 /* PodcastLogo.swift in Sources */ = {isa = PBXBuildFile; fileRef = 88570FD328FC7E950030A8A9 /* PodcastLogo.swift */; };
		88570FD628FC88D20030A8A9 /* UserPodcastDetailsView.swift in Sources */ = {isa = PBXBuildFile; fileRef = 88570FD528FC88D20030A8A9 /* UserPodcastDetailsView.swift */; };
		8865369828F36D7C0007A88A /* PodcastRow.swift in Sources */ = {isa = PBXBuildFile; fileRef = 8865369728F36D7C0007A88A /* PodcastRow.swift */; };
		8865369B28F3B99F0007A88A /* Podcast.swift in Sources */ = {isa = PBXBuildFile; fileRef = 8865369A28F3B99F0007A88A /* Podcast.swift */; };
		8865369D28F3BAA70007A88A /* PodcastEpisode.swift in Sources */ = {isa = PBXBuildFile; fileRef = 8865369C28F3BAA70007A88A /* PodcastEpisode.swift */; };
		886536A028F3BCC40007A88A /* PodcastStore.swift in Sources */ = {isa = PBXBuildFile; fileRef = 8865369F28F3BCC40007A88A /* PodcastStore.swift */; };
		886536A528F3C1DE0007A88A /* PodcastDetailsView.swift in Sources */ = {isa = PBXBuildFile; fileRef = 886536A428F3C1DE0007A88A /* PodcastDetailsView.swift */; };
		886536A928F505020007A88A /* HomeView.swift in Sources */ = {isa = PBXBuildFile; fileRef = 886536A828F505020007A88A /* HomeView.swift */; };
		886536AC28F507600007A88A /* SettingsView.swift in Sources */ = {isa = PBXBuildFile; fileRef = 886536AB28F507600007A88A /* SettingsView.swift */; };
		886536AE28F507F20007A88A /* DownloadsView.swift in Sources */ = {isa = PBXBuildFile; fileRef = 886536AD28F507F20007A88A /* DownloadsView.swift */; };
		886536B228F7A85E0007A88A /* UserPodcast.swift in Sources */ = {isa = PBXBuildFile; fileRef = 886536B128F7A85E0007A88A /* UserPodcast.swift */; };
		886536B428F8F5630007A88A /* AddView.swift in Sources */ = {isa = PBXBuildFile; fileRef = 886536B328F8F5630007A88A /* AddView.swift */; };
		886536B628F8FE770007A88A /* SearchBar.swift in Sources */ = {isa = PBXBuildFile; fileRef = 886536B528F8FE770007A88A /* SearchBar.swift */; };
		886536B928FBA18B0007A88A /* ErrorView.swift in Sources */ = {isa = PBXBuildFile; fileRef = 886536B828FBA18B0007A88A /* ErrorView.swift */; };
		886536BB28FBA1990007A88A /* ErrorWrapper.swift in Sources */ = {isa = PBXBuildFile; fileRef = 886536BA28FBA1990007A88A /* ErrorWrapper.swift */; };
		886536BD28FBA24D0007A88A /* UserDataStore.swift in Sources */ = {isa = PBXBuildFile; fileRef = 886536BC28FBA24D0007A88A /* UserDataStore.swift */; };
/* End PBXBuildFile section */

/* Begin PBXContainerItemProxy section */
		884D374228F36696005E6E83 /* PBXContainerItemProxy */ = {
			isa = PBXContainerItemProxy;
			containerPortal = 884D372828F36694005E6E83 /* Project object */;
			proxyType = 1;
			remoteGlobalIDString = 884D373328F36696005E6E83;
			remoteInfo = "BoomJar (iOS)";
		};
		884D374E28F36696005E6E83 /* PBXContainerItemProxy */ = {
			isa = PBXContainerItemProxy;
			containerPortal = 884D372828F36694005E6E83 /* Project object */;
			proxyType = 1;
			remoteGlobalIDString = 884D373928F36696005E6E83;
			remoteInfo = "BoomJar (macOS)";
		};
/* End PBXContainerItemProxy section */

/* Begin PBXFileReference section */
		884D372D28F36694005E6E83 /* BoomJarApp.swift */ = {isa = PBXFileReference; lastKnownFileType = sourcecode.swift; path = BoomJarApp.swift; sourceTree = "<group>"; };
		884D372F28F36696005E6E83 /* Assets.xcassets */ = {isa = PBXFileReference; lastKnownFileType = folder.assetcatalog; path = Assets.xcassets; sourceTree = "<group>"; };
		884D373428F36696005E6E83 /* BoomJar.app */ = {isa = PBXFileReference; explicitFileType = wrapper.application; includeInIndex = 0; path = BoomJar.app; sourceTree = BUILT_PRODUCTS_DIR; };
		884D373A28F36696005E6E83 /* BoomJar.app */ = {isa = PBXFileReference; explicitFileType = wrapper.application; includeInIndex = 0; path = BoomJar.app; sourceTree = BUILT_PRODUCTS_DIR; };
		884D373C28F36696005E6E83 /* macOS.entitlements */ = {isa = PBXFileReference; lastKnownFileType = text.plist.entitlements; path = macOS.entitlements; sourceTree = "<group>"; };
		884D374128F36696005E6E83 /* Tests iOS.xctest */ = {isa = PBXFileReference; explicitFileType = wrapper.cfbundle; includeInIndex = 0; path = "Tests iOS.xctest"; sourceTree = BUILT_PRODUCTS_DIR; };
		884D374528F36696005E6E83 /* Tests_iOS.swift */ = {isa = PBXFileReference; lastKnownFileType = sourcecode.swift; path = Tests_iOS.swift; sourceTree = "<group>"; };
		884D374728F36696005E6E83 /* Tests_iOSLaunchTests.swift */ = {isa = PBXFileReference; lastKnownFileType = sourcecode.swift; path = Tests_iOSLaunchTests.swift; sourceTree = "<group>"; };
		884D374D28F36696005E6E83 /* Tests macOS.xctest */ = {isa = PBXFileReference; explicitFileType = wrapper.cfbundle; includeInIndex = 0; path = "Tests macOS.xctest"; sourceTree = BUILT_PRODUCTS_DIR; };
		884D375128F36696005E6E83 /* Tests_macOS.swift */ = {isa = PBXFileReference; lastKnownFileType = sourcecode.swift; path = Tests_macOS.swift; sourceTree = "<group>"; };
		884D375328F36696005E6E83 /* Tests_macOSLaunchTests.swift */ = {isa = PBXFileReference; lastKnownFileType = sourcecode.swift; path = Tests_macOSLaunchTests.swift; sourceTree = "<group>"; };
		88570FD328FC7E950030A8A9 /* PodcastLogo.swift */ = {isa = PBXFileReference; lastKnownFileType = sourcecode.swift; path = PodcastLogo.swift; sourceTree = "<group>"; };
		88570FD528FC88D20030A8A9 /* UserPodcastDetailsView.swift */ = {isa = PBXFileReference; lastKnownFileType = sourcecode.swift; path = UserPodcastDetailsView.swift; sourceTree = "<group>"; };
		8865369728F36D7C0007A88A /* PodcastRow.swift */ = {isa = PBXFileReference; lastKnownFileType = sourcecode.swift; path = PodcastRow.swift; sourceTree = "<group>"; };
		8865369A28F3B99F0007A88A /* Podcast.swift */ = {isa = PBXFileReference; lastKnownFileType = sourcecode.swift; path = Podcast.swift; sourceTree = "<group>"; };
		8865369C28F3BAA70007A88A /* PodcastEpisode.swift */ = {isa = PBXFileReference; lastKnownFileType = sourcecode.swift; path = PodcastEpisode.swift; sourceTree = "<group>"; };
		8865369F28F3BCC40007A88A /* PodcastStore.swift */ = {isa = PBXFileReference; lastKnownFileType = sourcecode.swift; path = PodcastStore.swift; sourceTree = "<group>"; };
		886536A428F3C1DE0007A88A /* PodcastDetailsView.swift */ = {isa = PBXFileReference; lastKnownFileType = sourcecode.swift; path = PodcastDetailsView.swift; sourceTree = "<group>"; };
		886536A828F505020007A88A /* HomeView.swift */ = {isa = PBXFileReference; lastKnownFileType = sourcecode.swift; path = HomeView.swift; sourceTree = "<group>"; };
		886536AB28F507600007A88A /* SettingsView.swift */ = {isa = PBXFileReference; lastKnownFileType = sourcecode.swift; path = SettingsView.swift; sourceTree = "<group>"; };
		886536AD28F507F20007A88A /* DownloadsView.swift */ = {isa = PBXFileReference; lastKnownFileType = sourcecode.swift; path = DownloadsView.swift; sourceTree = "<group>"; };
		886536B128F7A85E0007A88A /* UserPodcast.swift */ = {isa = PBXFileReference; lastKnownFileType = sourcecode.swift; path = UserPodcast.swift; sourceTree = "<group>"; };
		886536B328F8F5630007A88A /* AddView.swift */ = {isa = PBXFileReference; lastKnownFileType = sourcecode.swift; path = AddView.swift; sourceTree = "<group>"; };
		886536B528F8FE770007A88A /* SearchBar.swift */ = {isa = PBXFileReference; lastKnownFileType = sourcecode.swift; path = SearchBar.swift; sourceTree = "<group>"; };
		886536B828FBA18B0007A88A /* ErrorView.swift */ = {isa = PBXFileReference; lastKnownFileType = sourcecode.swift; path = ErrorView.swift; sourceTree = "<group>"; };
		886536BA28FBA1990007A88A /* ErrorWrapper.swift */ = {isa = PBXFileReference; lastKnownFileType = sourcecode.swift; path = ErrorWrapper.swift; sourceTree = "<group>"; };
		886536BC28FBA24D0007A88A /* UserDataStore.swift */ = {isa = PBXFileReference; lastKnownFileType = sourcecode.swift; path = UserDataStore.swift; sourceTree = "<group>"; };
/* End PBXFileReference section */

/* Begin PBXFrameworksBuildPhase section */
		884D373128F36696005E6E83 /* Frameworks */ = {
			isa = PBXFrameworksBuildPhase;
			buildActionMask = 2147483647;
			files = (
			);
			runOnlyForDeploymentPostprocessing = 0;
		};
		884D373728F36696005E6E83 /* Frameworks */ = {
			isa = PBXFrameworksBuildPhase;
			buildActionMask = 2147483647;
			files = (
			);
			runOnlyForDeploymentPostprocessing = 0;
		};
		884D373E28F36696005E6E83 /* Frameworks */ = {
			isa = PBXFrameworksBuildPhase;
			buildActionMask = 2147483647;
			files = (
			);
			runOnlyForDeploymentPostprocessing = 0;
		};
		884D374A28F36696005E6E83 /* Frameworks */ = {
			isa = PBXFrameworksBuildPhase;
			buildActionMask = 2147483647;
			files = (
			);
			runOnlyForDeploymentPostprocessing = 0;
		};
/* End PBXFrameworksBuildPhase section */

/* Begin PBXGroup section */
		884D372728F36694005E6E83 = {
			isa = PBXGroup;
			children = (
				884D372C28F36694005E6E83 /* Shared */,
				884D373B28F36696005E6E83 /* macOS */,
				884D374428F36696005E6E83 /* Tests iOS */,
				884D375028F36696005E6E83 /* Tests macOS */,
				884D373528F36696005E6E83 /* Products */,
			);
			sourceTree = "<group>";
		};
		884D372C28F36694005E6E83 /* Shared */ = {
			isa = PBXGroup;
			children = (
				886536B728F8FEE60007A88A /* Components */,
				8865369E28F3BCB80007A88A /* Store */,
				8865369928F3B9900007A88A /* Models */,
				8865369428F367DE0007A88A /* Views */,
				884D372D28F36694005E6E83 /* BoomJarApp.swift */,
				884D372F28F36696005E6E83 /* Assets.xcassets */,
			);
			path = Shared;
			sourceTree = "<group>";
		};
		884D373528F36696005E6E83 /* Products */ = {
			isa = PBXGroup;
			children = (
				884D373428F36696005E6E83 /* BoomJar.app */,
				884D373A28F36696005E6E83 /* BoomJar.app */,
				884D374128F36696005E6E83 /* Tests iOS.xctest */,
				884D374D28F36696005E6E83 /* Tests macOS.xctest */,
			);
			name = Products;
			sourceTree = "<group>";
		};
		884D373B28F36696005E6E83 /* macOS */ = {
			isa = PBXGroup;
			children = (
				884D373C28F36696005E6E83 /* macOS.entitlements */,
			);
			path = macOS;
			sourceTree = "<group>";
		};
		884D374428F36696005E6E83 /* Tests iOS */ = {
			isa = PBXGroup;
			children = (
				884D374528F36696005E6E83 /* Tests_iOS.swift */,
				884D374728F36696005E6E83 /* Tests_iOSLaunchTests.swift */,
			);
			path = "Tests iOS";
			sourceTree = "<group>";
		};
		884D375028F36696005E6E83 /* Tests macOS */ = {
			isa = PBXGroup;
			children = (
				884D375128F36696005E6E83 /* Tests_macOS.swift */,
				884D375328F36696005E6E83 /* Tests_macOSLaunchTests.swift */,
			);
			path = "Tests macOS";
			sourceTree = "<group>";
		};
		88570FD72900F7D10030A8A9 /* UserPodcast */ = {
			isa = PBXGroup;
			children = (
			);
			path = UserPodcast;
			sourceTree = "<group>";
		};
		8865369428F367DE0007A88A /* Views */ = {
			isa = PBXGroup;
			children = (
				886536AA28F505420007A88A /* Podcast */,
				886536A828F505020007A88A /* HomeView.swift */,
				886536AB28F507600007A88A /* SettingsView.swift */,
				886536AD28F507F20007A88A /* DownloadsView.swift */,
				886536B328F8F5630007A88A /* AddView.swift */,
				886536B828FBA18B0007A88A /* ErrorView.swift */,
			);
			path = Views;
			sourceTree = "<group>";
		};
		8865369928F3B9900007A88A /* Models */ = {
			isa = PBXGroup;
			children = (
				8865369A28F3B99F0007A88A /* Podcast.swift */,
				8865369C28F3BAA70007A88A /* PodcastEpisode.swift */,
				886536B128F7A85E0007A88A /* UserPodcast.swift */,
				886536BA28FBA1990007A88A /* ErrorWrapper.swift */,
			);
			path = Models;
			sourceTree = "<group>";
		};
		8865369E28F3BCB80007A88A /* Store */ = {
			isa = PBXGroup;
			children = (
				8865369F28F3BCC40007A88A /* PodcastStore.swift */,
				886536BC28FBA24D0007A88A /* UserDataStore.swift */,
			);
			path = Store;
			sourceTree = "<group>";
		};
		886536AA28F505420007A88A /* Podcast */ = {
			isa = PBXGroup;
			children = (
				88570FD72900F7D10030A8A9 /* UserPodcast */,
				886536A428F3C1DE0007A88A /* PodcastDetailsView.swift */,
				88570FD528FC88D20030A8A9 /* UserPodcastDetailsView.swift */,
			);
			path = Podcast;
			sourceTree = "<group>";
		};
		886536B728F8FEE60007A88A /* Components */ = {
			isa = PBXGroup;
			children = (
				8865369728F36D7C0007A88A /* PodcastRow.swift */,
				886536B528F8FE770007A88A /* SearchBar.swift */,
				88570FD328FC7E950030A8A9 /* PodcastLogo.swift */,
			);
			path = Components;
			sourceTree = "<group>";
		};
/* End PBXGroup section */

/* Begin PBXNativeTarget section */
		884D373328F36696005E6E83 /* BoomJar (iOS) */ = {
			isa = PBXNativeTarget;
			buildConfigurationList = 884D375D28F36696005E6E83 /* Build configuration list for PBXNativeTarget "BoomJar (iOS)" */;
			buildPhases = (
				884D373028F36696005E6E83 /* Sources */,
				884D373128F36696005E6E83 /* Frameworks */,
				884D373228F36696005E6E83 /* Resources */,
			);
			buildRules = (
			);
			dependencies = (
			);
			name = "BoomJar (iOS)";
			productName = "BoomJar (iOS)";
			productReference = 884D373428F36696005E6E83 /* BoomJar.app */;
			productType = "com.apple.product-type.application";
		};
		884D373928F36696005E6E83 /* BoomJar (macOS) */ = {
			isa = PBXNativeTarget;
			buildConfigurationList = 884D376028F36696005E6E83 /* Build configuration list for PBXNativeTarget "BoomJar (macOS)" */;
			buildPhases = (
				884D373628F36696005E6E83 /* Sources */,
				884D373728F36696005E6E83 /* Frameworks */,
				884D373828F36696005E6E83 /* Resources */,
			);
			buildRules = (
			);
			dependencies = (
			);
			name = "BoomJar (macOS)";
			productName = "BoomJar (macOS)";
			productReference = 884D373A28F36696005E6E83 /* BoomJar.app */;
			productType = "com.apple.product-type.application";
		};
		884D374028F36696005E6E83 /* Tests iOS */ = {
			isa = PBXNativeTarget;
			buildConfigurationList = 884D376328F36696005E6E83 /* Build configuration list for PBXNativeTarget "Tests iOS" */;
			buildPhases = (
				884D373D28F36696005E6E83 /* Sources */,
				884D373E28F36696005E6E83 /* Frameworks */,
				884D373F28F36696005E6E83 /* Resources */,
			);
			buildRules = (
			);
			dependencies = (
				884D374328F36696005E6E83 /* PBXTargetDependency */,
			);
			name = "Tests iOS";
			productName = "Tests iOS";
			productReference = 884D374128F36696005E6E83 /* Tests iOS.xctest */;
			productType = "com.apple.product-type.bundle.ui-testing";
		};
		884D374C28F36696005E6E83 /* Tests macOS */ = {
			isa = PBXNativeTarget;
			buildConfigurationList = 884D376628F36696005E6E83 /* Build configuration list for PBXNativeTarget "Tests macOS" */;
			buildPhases = (
				884D374928F36696005E6E83 /* Sources */,
				884D374A28F36696005E6E83 /* Frameworks */,
				884D374B28F36696005E6E83 /* Resources */,
			);
			buildRules = (
			);
			dependencies = (
				884D374F28F36696005E6E83 /* PBXTargetDependency */,
			);
			name = "Tests macOS";
			productName = "Tests macOS";
			productReference = 884D374D28F36696005E6E83 /* Tests macOS.xctest */;
			productType = "com.apple.product-type.bundle.ui-testing";
		};
/* End PBXNativeTarget section */

/* Begin PBXProject section */
		884D372828F36694005E6E83 /* Project object */ = {
			isa = PBXProject;
			attributes = {
				BuildIndependentTargetsInParallel = 1;
				LastSwiftUpdateCheck = 1340;
				LastUpgradeCheck = 1340;
				TargetAttributes = {
					884D373328F36696005E6E83 = {
						CreatedOnToolsVersion = 13.4.1;
					};
					884D373928F36696005E6E83 = {
						CreatedOnToolsVersion = 13.4.1;
					};
					884D374028F36696005E6E83 = {
						CreatedOnToolsVersion = 13.4.1;
						TestTargetID = 884D373328F36696005E6E83;
					};
					884D374C28F36696005E6E83 = {
						CreatedOnToolsVersion = 13.4.1;
						TestTargetID = 884D373928F36696005E6E83;
					};
				};
			};
			buildConfigurationList = 884D372B28F36694005E6E83 /* Build configuration list for PBXProject "BoomJar" */;
			compatibilityVersion = "Xcode 13.0";
			developmentRegion = en;
			hasScannedForEncodings = 0;
			knownRegions = (
				en,
				Base,
			);
			mainGroup = 884D372728F36694005E6E83;
			productRefGroup = 884D373528F36696005E6E83 /* Products */;
			projectDirPath = "";
			projectRoot = "";
			targets = (
				884D373328F36696005E6E83 /* BoomJar (iOS) */,
				884D373928F36696005E6E83 /* BoomJar (macOS) */,
				884D374028F36696005E6E83 /* Tests iOS */,
				884D374C28F36696005E6E83 /* Tests macOS */,
			);
		};
/* End PBXProject section */

/* Begin PBXResourcesBuildPhase section */
		884D373228F36696005E6E83 /* Resources */ = {
			isa = PBXResourcesBuildPhase;
			buildActionMask = 2147483647;
			files = (
				884D375928F36696005E6E83 /* Assets.xcassets in Resources */,
			);
			runOnlyForDeploymentPostprocessing = 0;
		};
		884D373828F36696005E6E83 /* Resources */ = {
			isa = PBXResourcesBuildPhase;
			buildActionMask = 2147483647;
			files = (
				884D375A28F36696005E6E83 /* Assets.xcassets in Resources */,
			);
			runOnlyForDeploymentPostprocessing = 0;
		};
		884D373F28F36696005E6E83 /* Resources */ = {
			isa = PBXResourcesBuildPhase;
			buildActionMask = 2147483647;
			files = (
			);
			runOnlyForDeploymentPostprocessing = 0;
		};
		884D374B28F36696005E6E83 /* Resources */ = {
			isa = PBXResourcesBuildPhase;
			buildActionMask = 2147483647;
			files = (
			);
			runOnlyForDeploymentPostprocessing = 0;
		};
/* End PBXResourcesBuildPhase section */

/* Begin PBXSourcesBuildPhase section */
		884D373028F36696005E6E83 /* Sources */ = {
			isa = PBXSourcesBuildPhase;
			buildActionMask = 2147483647;
			files = (
				886536A028F3BCC40007A88A /* PodcastStore.swift in Sources */,
				886536AC28F507600007A88A /* SettingsView.swift in Sources */,
				8865369828F36D7C0007A88A /* PodcastRow.swift in Sources */,
				88570FD428FC7E950030A8A9 /* PodcastLogo.swift in Sources */,
				8865369B28F3B99F0007A88A /* Podcast.swift in Sources */,
				8865369D28F3BAA70007A88A /* PodcastEpisode.swift in Sources */,
				886536BD28FBA24D0007A88A /* UserDataStore.swift in Sources */,
				886536B628F8FE770007A88A /* SearchBar.swift in Sources */,
				886536A928F505020007A88A /* HomeView.swift in Sources */,
				884D375528F36696005E6E83 /* BoomJarApp.swift in Sources */,
				886536BB28FBA1990007A88A /* ErrorWrapper.swift in Sources */,
				886536B228F7A85E0007A88A /* UserPodcast.swift in Sources */,
				886536AE28F507F20007A88A /* DownloadsView.swift in Sources */,
				886536A528F3C1DE0007A88A /* PodcastDetailsView.swift in Sources */,
				886536B928FBA18B0007A88A /* ErrorView.swift in Sources */,
				886536B428F8F5630007A88A /* AddView.swift in Sources */,
				88570FD628FC88D20030A8A9 /* UserPodcastDetailsView.swift in Sources */,
			);
			runOnlyForDeploymentPostprocessing = 0;
		};
		884D373628F36696005E6E83 /* Sources */ = {
			isa = PBXSourcesBuildPhase;
			buildActionMask = 2147483647;
			files = (
				884D375628F36696005E6E83 /* BoomJarApp.swift in Sources */,
			);
			runOnlyForDeploymentPostprocessing = 0;
		};
		884D373D28F36696005E6E83 /* Sources */ = {
			isa = PBXSourcesBuildPhase;
			buildActionMask = 2147483647;
			files = (
				884D374828F36696005E6E83 /* Tests_iOSLaunchTests.swift in Sources */,
				884D374628F36696005E6E83 /* Tests_iOS.swift in Sources */,
			);
			runOnlyForDeploymentPostprocessing = 0;
		};
		884D374928F36696005E6E83 /* Sources */ = {
			isa = PBXSourcesBuildPhase;
			buildActionMask = 2147483647;
			files = (
				884D375428F36696005E6E83 /* Tests_macOSLaunchTests.swift in Sources */,
				884D375228F36696005E6E83 /* Tests_macOS.swift in Sources */,
			);
			runOnlyForDeploymentPostprocessing = 0;
		};
/* End PBXSourcesBuildPhase section */

/* Begin PBXTargetDependency section */
		884D374328F36696005E6E83 /* PBXTargetDependency */ = {
			isa = PBXTargetDependency;
			target = 884D373328F36696005E6E83 /* BoomJar (iOS) */;
			targetProxy = 884D374228F36696005E6E83 /* PBXContainerItemProxy */;
		};
		884D374F28F36696005E6E83 /* PBXTargetDependency */ = {
			isa = PBXTargetDependency;
			target = 884D373928F36696005E6E83 /* BoomJar (macOS) */;
			targetProxy = 884D374E28F36696005E6E83 /* PBXContainerItemProxy */;
		};
/* End PBXTargetDependency section */

/* Begin XCBuildConfiguration section */
		884D375B28F36696005E6E83 /* Debug */ = {
			isa = XCBuildConfiguration;
			buildSettings = {
				ALWAYS_SEARCH_USER_PATHS = NO;
				CLANG_ANALYZER_NONNULL = YES;
				CLANG_ANALYZER_NUMBER_OBJECT_CONVERSION = YES_AGGRESSIVE;
				CLANG_CXX_LANGUAGE_STANDARD = "gnu++17";
				CLANG_ENABLE_MODULES = YES;
				CLANG_ENABLE_OBJC_ARC = YES;
				CLANG_ENABLE_OBJC_WEAK = YES;
				CLANG_WARN_BLOCK_CAPTURE_AUTORELEASING = YES;
				CLANG_WARN_BOOL_CONVERSION = YES;
				CLANG_WARN_COMMA = YES;
				CLANG_WARN_CONSTANT_CONVERSION = YES;
				CLANG_WARN_DEPRECATED_OBJC_IMPLEMENTATIONS = YES;
				CLANG_WARN_DIRECT_OBJC_ISA_USAGE = YES_ERROR;
				CLANG_WARN_DOCUMENTATION_COMMENTS = YES;
				CLANG_WARN_EMPTY_BODY = YES;
				CLANG_WARN_ENUM_CONVERSION = YES;
				CLANG_WARN_INFINITE_RECURSION = YES;
				CLANG_WARN_INT_CONVERSION = YES;
				CLANG_WARN_NON_LITERAL_NULL_CONVERSION = YES;
				CLANG_WARN_OBJC_IMPLICIT_RETAIN_SELF = YES;
				CLANG_WARN_OBJC_LITERAL_CONVERSION = YES;
				CLANG_WARN_OBJC_ROOT_CLASS = YES_ERROR;
				CLANG_WARN_QUOTED_INCLUDE_IN_FRAMEWORK_HEADER = YES;
				CLANG_WARN_RANGE_LOOP_ANALYSIS = YES;
				CLANG_WARN_STRICT_PROTOTYPES = YES;
				CLANG_WARN_SUSPICIOUS_MOVE = YES;
				CLANG_WARN_UNGUARDED_AVAILABILITY = YES_AGGRESSIVE;
				CLANG_WARN_UNREACHABLE_CODE = YES;
				CLANG_WARN__DUPLICATE_METHOD_MATCH = YES;
				COPY_PHASE_STRIP = NO;
				DEBUG_INFORMATION_FORMAT = dwarf;
				ENABLE_STRICT_OBJC_MSGSEND = YES;
				ENABLE_TESTABILITY = YES;
				GCC_C_LANGUAGE_STANDARD = gnu11;
				GCC_DYNAMIC_NO_PIC = NO;
				GCC_NO_COMMON_BLOCKS = YES;
				GCC_OPTIMIZATION_LEVEL = 0;
				GCC_PREPROCESSOR_DEFINITIONS = (
					"DEBUG=1",
					"$(inherited)",
				);
				GCC_WARN_64_TO_32_BIT_CONVERSION = YES;
				GCC_WARN_ABOUT_RETURN_TYPE = YES_ERROR;
				GCC_WARN_UNDECLARED_SELECTOR = YES;
				GCC_WARN_UNINITIALIZED_AUTOS = YES_AGGRESSIVE;
				GCC_WARN_UNUSED_FUNCTION = YES;
				GCC_WARN_UNUSED_VARIABLE = YES;
				MTL_ENABLE_DEBUG_INFO = INCLUDE_SOURCE;
				MTL_FAST_MATH = YES;
				ONLY_ACTIVE_ARCH = YES;
				SWIFT_ACTIVE_COMPILATION_CONDITIONS = DEBUG;
				SWIFT_OPTIMIZATION_LEVEL = "-Onone";
			};
			name = Debug;
		};
		884D375C28F36696005E6E83 /* Release */ = {
			isa = XCBuildConfiguration;
			buildSettings = {
				ALWAYS_SEARCH_USER_PATHS = NO;
				CLANG_ANALYZER_NONNULL = YES;
				CLANG_ANALYZER_NUMBER_OBJECT_CONVERSION = YES_AGGRESSIVE;
				CLANG_CXX_LANGUAGE_STANDARD = "gnu++17";
				CLANG_ENABLE_MODULES = YES;
				CLANG_ENABLE_OBJC_ARC = YES;
				CLANG_ENABLE_OBJC_WEAK = YES;
				CLANG_WARN_BLOCK_CAPTURE_AUTORELEASING = YES;
				CLANG_WARN_BOOL_CONVERSION = YES;
				CLANG_WARN_COMMA = YES;
				CLANG_WARN_CONSTANT_CONVERSION = YES;
				CLANG_WARN_DEPRECATED_OBJC_IMPLEMENTATIONS = YES;
				CLANG_WARN_DIRECT_OBJC_ISA_USAGE = YES_ERROR;
				CLANG_WARN_DOCUMENTATION_COMMENTS = YES;
				CLANG_WARN_EMPTY_BODY = YES;
				CLANG_WARN_ENUM_CONVERSION = YES;
				CLANG_WARN_INFINITE_RECURSION = YES;
				CLANG_WARN_INT_CONVERSION = YES;
				CLANG_WARN_NON_LITERAL_NULL_CONVERSION = YES;
				CLANG_WARN_OBJC_IMPLICIT_RETAIN_SELF = YES;
				CLANG_WARN_OBJC_LITERAL_CONVERSION = YES;
				CLANG_WARN_OBJC_ROOT_CLASS = YES_ERROR;
				CLANG_WARN_QUOTED_INCLUDE_IN_FRAMEWORK_HEADER = YES;
				CLANG_WARN_RANGE_LOOP_ANALYSIS = YES;
				CLANG_WARN_STRICT_PROTOTYPES = YES;
				CLANG_WARN_SUSPICIOUS_MOVE = YES;
				CLANG_WARN_UNGUARDED_AVAILABILITY = YES_AGGRESSIVE;
				CLANG_WARN_UNREACHABLE_CODE = YES;
				CLANG_WARN__DUPLICATE_METHOD_MATCH = YES;
				COPY_PHASE_STRIP = NO;
				DEBUG_INFORMATION_FORMAT = "dwarf-with-dsym";
				ENABLE_NS_ASSERTIONS = NO;
				ENABLE_STRICT_OBJC_MSGSEND = YES;
				GCC_C_LANGUAGE_STANDARD = gnu11;
				GCC_NO_COMMON_BLOCKS = YES;
				GCC_WARN_64_TO_32_BIT_CONVERSION = YES;
				GCC_WARN_ABOUT_RETURN_TYPE = YES_ERROR;
				GCC_WARN_UNDECLARED_SELECTOR = YES;
				GCC_WARN_UNINITIALIZED_AUTOS = YES_AGGRESSIVE;
				GCC_WARN_UNUSED_FUNCTION = YES;
				GCC_WARN_UNUSED_VARIABLE = YES;
				MTL_ENABLE_DEBUG_INFO = NO;
				MTL_FAST_MATH = YES;
				SWIFT_COMPILATION_MODE = wholemodule;
				SWIFT_OPTIMIZATION_LEVEL = "-O";
			};
			name = Release;
		};
		884D375E28F36696005E6E83 /* Debug */ = {
			isa = XCBuildConfiguration;
			buildSettings = {
				ASSETCATALOG_COMPILER_APPICON_NAME = AppIcon;
				ASSETCATALOG_COMPILER_GLOBAL_ACCENT_COLOR_NAME = AccentColor;
				CODE_SIGN_STYLE = Automatic;
				CURRENT_PROJECT_VERSION = 1;
				DEVELOPMENT_TEAM = HCX43DJU6Q;
				ENABLE_PREVIEWS = YES;
				GENERATE_INFOPLIST_FILE = YES;
				INFOPLIST_KEY_UIApplicationSceneManifest_Generation = YES;
				INFOPLIST_KEY_UIApplicationSupportsIndirectInputEvents = YES;
				INFOPLIST_KEY_UILaunchScreen_Generation = YES;
				INFOPLIST_KEY_UISupportedInterfaceOrientations_iPad = "UIInterfaceOrientationPortrait UIInterfaceOrientationPortraitUpsideDown UIInterfaceOrientationLandscapeLeft UIInterfaceOrientationLandscapeRight";
				INFOPLIST_KEY_UISupportedInterfaceOrientations_iPhone = "UIInterfaceOrientationPortrait UIInterfaceOrientationLandscapeLeft UIInterfaceOrientationLandscapeRight";
				IPHONEOS_DEPLOYMENT_TARGET = 15.5;
				LD_RUNPATH_SEARCH_PATHS = (
					"$(inherited)",
					"@executable_path/Frameworks",
				);
				MARKETING_VERSION = 1.0;
				PRODUCT_BUNDLE_IDENTIFIER = "com.km-dev.BoomJar";
				PRODUCT_NAME = BoomJar;
				SDKROOT = iphoneos;
				SWIFT_EMIT_LOC_STRINGS = YES;
				SWIFT_VERSION = 5.0;
				TARGETED_DEVICE_FAMILY = "1,2";
			};
			name = Debug;
		};
		884D375F28F36696005E6E83 /* Release */ = {
			isa = XCBuildConfiguration;
			buildSettings = {
				ASSETCATALOG_COMPILER_APPICON_NAME = AppIcon;
				ASSETCATALOG_COMPILER_GLOBAL_ACCENT_COLOR_NAME = AccentColor;
				CODE_SIGN_STYLE = Automatic;
				CURRENT_PROJECT_VERSION = 1;
				DEVELOPMENT_TEAM = HCX43DJU6Q;
				ENABLE_PREVIEWS = YES;
				GENERATE_INFOPLIST_FILE = YES;
				INFOPLIST_KEY_UIApplicationSceneManifest_Generation = YES;
				INFOPLIST_KEY_UIApplicationSupportsIndirectInputEvents = YES;
				INFOPLIST_KEY_UILaunchScreen_Generation = YES;
				INFOPLIST_KEY_UISupportedInterfaceOrientations_iPad = "UIInterfaceOrientationPortrait UIInterfaceOrientationPortraitUpsideDown UIInterfaceOrientationLandscapeLeft UIInterfaceOrientationLandscapeRight";
				INFOPLIST_KEY_UISupportedInterfaceOrientations_iPhone = "UIInterfaceOrientationPortrait UIInterfaceOrientationLandscapeLeft UIInterfaceOrientationLandscapeRight";
				IPHONEOS_DEPLOYMENT_TARGET = 15.5;
				LD_RUNPATH_SEARCH_PATHS = (
					"$(inherited)",
					"@executable_path/Frameworks",
				);
				MARKETING_VERSION = 1.0;
				PRODUCT_BUNDLE_IDENTIFIER = "com.km-dev.BoomJar";
				PRODUCT_NAME = BoomJar;
				SDKROOT = iphoneos;
				SWIFT_EMIT_LOC_STRINGS = YES;
				SWIFT_VERSION = 5.0;
				TARGETED_DEVICE_FAMILY = "1,2";
				VALIDATE_PRODUCT = YES;
			};
			name = Release;
		};
		884D376128F36696005E6E83 /* Debug */ = {
			isa = XCBuildConfiguration;
			buildSettings = {
				ASSETCATALOG_COMPILER_APPICON_NAME = AppIcon;
				ASSETCATALOG_COMPILER_GLOBAL_ACCENT_COLOR_NAME = AccentColor;
				CODE_SIGN_ENTITLEMENTS = macOS/macOS.entitlements;
				CODE_SIGN_STYLE = Automatic;
				COMBINE_HIDPI_IMAGES = YES;
				CURRENT_PROJECT_VERSION = 1;
				DEVELOPMENT_TEAM = HCX43DJU6Q;
				ENABLE_HARDENED_RUNTIME = YES;
				ENABLE_PREVIEWS = YES;
				GENERATE_INFOPLIST_FILE = YES;
				INFOPLIST_KEY_NSHumanReadableCopyright = "";
				LD_RUNPATH_SEARCH_PATHS = (
					"$(inherited)",
					"@executable_path/../Frameworks",
				);
				MACOSX_DEPLOYMENT_TARGET = 12.3;
				MARKETING_VERSION = 1.0;
				PRODUCT_BUNDLE_IDENTIFIER = "com.km-dev.BoomJar";
				PRODUCT_NAME = BoomJar;
				SDKROOT = macosx;
				SWIFT_EMIT_LOC_STRINGS = YES;
				SWIFT_VERSION = 5.0;
			};
			name = Debug;
		};
		884D376228F36696005E6E83 /* Release */ = {
			isa = XCBuildConfiguration;
			buildSettings = {
				ASSETCATALOG_COMPILER_APPICON_NAME = AppIcon;
				ASSETCATALOG_COMPILER_GLOBAL_ACCENT_COLOR_NAME = AccentColor;
				CODE_SIGN_ENTITLEMENTS = macOS/macOS.entitlements;
				CODE_SIGN_STYLE = Automatic;
				COMBINE_HIDPI_IMAGES = YES;
				CURRENT_PROJECT_VERSION = 1;
				DEVELOPMENT_TEAM = HCX43DJU6Q;
				ENABLE_HARDENED_RUNTIME = YES;
				ENABLE_PREVIEWS = YES;
				GENERATE_INFOPLIST_FILE = YES;
				INFOPLIST_KEY_NSHumanReadableCopyright = "";
				LD_RUNPATH_SEARCH_PATHS = (
					"$(inherited)",
					"@executable_path/../Frameworks",
				);
				MACOSX_DEPLOYMENT_TARGET = 12.3;
				MARKETING_VERSION = 1.0;
				PRODUCT_BUNDLE_IDENTIFIER = "com.km-dev.BoomJar";
				PRODUCT_NAME = BoomJar;
				SDKROOT = macosx;
				SWIFT_EMIT_LOC_STRINGS = YES;
				SWIFT_VERSION = 5.0;
			};
			name = Release;
		};
		884D376428F36696005E6E83 /* Debug */ = {
			isa = XCBuildConfiguration;
			buildSettings = {
				ALWAYS_EMBED_SWIFT_STANDARD_LIBRARIES = YES;
				CODE_SIGN_STYLE = Automatic;
				CURRENT_PROJECT_VERSION = 1;
				DEVELOPMENT_TEAM = HCX43DJU6Q;
				GENERATE_INFOPLIST_FILE = YES;
				IPHONEOS_DEPLOYMENT_TARGET = 15.5;
				MARKETING_VERSION = 1.0;
				PRODUCT_BUNDLE_IDENTIFIER = "com.km-dev.Tests-iOS";
				PRODUCT_NAME = "$(TARGET_NAME)";
				SDKROOT = iphoneos;
				SWIFT_EMIT_LOC_STRINGS = NO;
				SWIFT_VERSION = 5.0;
				TARGETED_DEVICE_FAMILY = "1,2";
				TEST_TARGET_NAME = "BoomJar (iOS)";
			};
			name = Debug;
		};
		884D376528F36696005E6E83 /* Release */ = {
			isa = XCBuildConfiguration;
			buildSettings = {
				ALWAYS_EMBED_SWIFT_STANDARD_LIBRARIES = YES;
				CODE_SIGN_STYLE = Automatic;
				CURRENT_PROJECT_VERSION = 1;
				DEVELOPMENT_TEAM = HCX43DJU6Q;
				GENERATE_INFOPLIST_FILE = YES;
				IPHONEOS_DEPLOYMENT_TARGET = 15.5;
				MARKETING_VERSION = 1.0;
				PRODUCT_BUNDLE_IDENTIFIER = "com.km-dev.Tests-iOS";
				PRODUCT_NAME = "$(TARGET_NAME)";
				SDKROOT = iphoneos;
				SWIFT_EMIT_LOC_STRINGS = NO;
				SWIFT_VERSION = 5.0;
				TARGETED_DEVICE_FAMILY = "1,2";
				TEST_TARGET_NAME = "BoomJar (iOS)";
				VALIDATE_PRODUCT = YES;
			};
			name = Release;
		};
		884D376728F36696005E6E83 /* Debug */ = {
			isa = XCBuildConfiguration;
			buildSettings = {
				ALWAYS_EMBED_SWIFT_STANDARD_LIBRARIES = YES;
				CODE_SIGN_STYLE = Automatic;
				CURRENT_PROJECT_VERSION = 1;
				DEVELOPMENT_TEAM = HCX43DJU6Q;
				GENERATE_INFOPLIST_FILE = YES;
				MACOSX_DEPLOYMENT_TARGET = 12.3;
				MARKETING_VERSION = 1.0;
				PRODUCT_BUNDLE_IDENTIFIER = "com.km-dev.Tests-macOS";
				PRODUCT_NAME = "$(TARGET_NAME)";
				SDKROOT = macosx;
				SWIFT_EMIT_LOC_STRINGS = NO;
				SWIFT_VERSION = 5.0;
				TEST_TARGET_NAME = "BoomJar (macOS)";
			};
			name = Debug;
		};
		884D376828F36696005E6E83 /* Release */ = {
			isa = XCBuildConfiguration;
			buildSettings = {
				ALWAYS_EMBED_SWIFT_STANDARD_LIBRARIES = YES;
				CODE_SIGN_STYLE = Automatic;
				CURRENT_PROJECT_VERSION = 1;
				DEVELOPMENT_TEAM = HCX43DJU6Q;
				GENERATE_INFOPLIST_FILE = YES;
				MACOSX_DEPLOYMENT_TARGET = 12.3;
				MARKETING_VERSION = 1.0;
				PRODUCT_BUNDLE_IDENTIFIER = "com.km-dev.Tests-macOS";
				PRODUCT_NAME = "$(TARGET_NAME)";
				SDKROOT = macosx;
				SWIFT_EMIT_LOC_STRINGS = NO;
				SWIFT_VERSION = 5.0;
				TEST_TARGET_NAME = "BoomJar (macOS)";
			};
			name = Release;
		};
/* End XCBuildConfiguration section */

/* Begin XCConfigurationList section */
		884D372B28F36694005E6E83 /* Build configuration list for PBXProject "BoomJar" */ = {
			isa = XCConfigurationList;
			buildConfigurations = (
				884D375B28F36696005E6E83 /* Debug */,
				884D375C28F36696005E6E83 /* Release */,
			);
			defaultConfigurationIsVisible = 0;
			defaultConfigurationName = Release;
		};
		884D375D28F36696005E6E83 /* Build configuration list for PBXNativeTarget "BoomJar (iOS)" */ = {
			isa = XCConfigurationList;
			buildConfigurations = (
				884D375E28F36696005E6E83 /* Debug */,
				884D375F28F36696005E6E83 /* Release */,
			);
			defaultConfigurationIsVisible = 0;
			defaultConfigurationName = Release;
		};
		884D376028F36696005E6E83 /* Build configuration list for PBXNativeTarget "BoomJar (macOS)" */ = {
			isa = XCConfigurationList;
			buildConfigurations = (
				884D376128F36696005E6E83 /* Debug */,
				884D376228F36696005E6E83 /* Release */,
			);
			defaultConfigurationIsVisible = 0;
			defaultConfigurationName = Release;
		};
		884D376328F36696005E6E83 /* Build configuration list for PBXNativeTarget "Tests iOS" */ = {
			isa = XCConfigurationList;
			buildConfigurations = (
				884D376428F36696005E6E83 /* Debug */,
				884D376528F36696005E6E83 /* Release */,
			);
			defaultConfigurationIsVisible = 0;
			defaultConfigurationName = Release;
		};
		884D376628F36696005E6E83 /* Build configuration list for PBXNativeTarget "Tests macOS" */ = {
			isa = XCConfigurationList;
			buildConfigurations = (
				884D376728F36696005E6E83 /* Debug */,
				884D376828F36696005E6E83 /* Release */,
			);
			defaultConfigurationIsVisible = 0;
			defaultConfigurationName = Release;
		};
/* End XCConfigurationList section */
	};
	rootObject = 884D372828F36694005E6E83 /* Project object */;
}
